PODS:
  - ImagePicker (2.0.0)
  - Optik (0.4.0)

DEPENDENCIES:
  - ImagePicker
  - Optik

SPEC REPOS:
  trunk:
    - ImagePicker
    - Optik

SPEC CHECKSUMS:
  ImagePicker: 81175d36c2852cb543cb4f5d6c19e28f3e8d90eb
  Optik: 64066ad701b3d440bc4b3847a5f354b602e188aa

PODFILE CHECKSUM: 1161948b44447add2352d627c4d7d160908d0a34

COCOAPODS: 1.11.2
